// !$*UTF8*$!
{
	archiveVersion = 1;
	classes = {
	};
	objectVersion = 77;
	objects = {

/* Begin PBXContainerItemProxy section */
		305271642DBE04F600AA3A4A /* PBXContainerItemProxy */ = {
			isa = PBXContainerItemProxy;
			containerPortal = 3052714E2DBE04F500AA3A4A /* Project object */;
			proxyType = 1;
			remoteGlobalIDString = 305271552DBE04F500AA3A4A;
			remoteInfo = "Social Media Post";
		};
		3052716E2DBE04F600AA3A4A /* PBXContainerItemProxy */ = {
			isa = PBXContainerItemProxy;
			containerPortal = 3052714E2DBE04F500AA3A4A /* Project object */;
			proxyType = 1;
			remoteGlobalIDString = 305271552DBE04F500AA3A4A;
			remoteInfo = "Social Media Post";
		};
/* End PBXContainerItemProxy section */

/* Begin PBXFileReference section */
		305271562DBE04F500AA3A4A /* Social Media Post.app */ = {isa = PBXFileReference; explicitFileType = wrapper.application; includeInIndex = 0; path = "Social Media Post.app"; sourceTree = BUILT_PRODUCTS_DIR; };
		305271632DBE04F600AA3A4A /* Social Media PostTests.xctest */ = {isa = PBXFileReference; explicitFileType = wrapper.cfbundle; includeInIndex = 0; path = "Social Media PostTests.xctest"; sourceTree = BUILT_PRODUCTS_DIR; };
		3052716D2DBE04F600AA3A4A /* Social Media PostUITests.xctest */ = {isa = PBXFileReference; explicitFileType = wrapper.cfbundle; includeInIndex = 0; path = "Social Media PostUITests.xctest"; sourceTree = BUILT_PRODUCTS_DIR; };
/* End PBXFileReference section */

/* Begin PBXFileSystemSynchronizedRootGroup section */
		305271582DBE04F500AA3A4A /* Social Media Post */ = {
			isa = PBXFileSystemSynchronizedRootGroup;
			path = "Social Media Post";
			sourceTree = "<group>";
		};
		305271662DBE04F600AA3A4A /* Social Media PostTests */ = {
			isa = PBXFileSystemSynchronizedRootGroup;
			path = "Social Media PostTests";
			sourceTree = "<group>";
		};
		305271702DBE04F600AA3A4A /* Social Media PostUITests */ = {
			isa = PBXFileSystemSynchronizedRootGroup;
			path = "Social Media PostUITests";
			sourceTree = "<group>";
		};
/* End PBXFileSystemSynchronizedRootGroup section */

/* Begin PBXFrameworksBuildPhase section */
		305271532DBE04F500AA3A4A /* Frameworks */ = {
			isa = PBXFrameworksBuildPhase;
			buildActionMask = 2147483647;
			files = (
			);
			runOnlyForDeploymentPostprocessing = 0;
		};
		305271602DBE04F600AA3A4A /* Frameworks */ = {
			isa = PBXFrameworksBuildPhase;
			buildActionMask = 2147483647;
			files = (
			);
			runOnlyForDeploymentPostprocessing = 0;
		};
		3052716A2DBE04F600AA3A4A /* Frameworks */ = {
			isa = PBXFrameworksBuildPhase;
			buildActionMask = 2147483647;
			files = (
			);
			runOnlyForDeploymentPostprocessing = 0;
		};
/* End PBXFrameworksBuildPhase section */

/* Begin PBXGroup section */
		3052714D2DBE04F500AA3A4A = {
			isa = PBXGroup;
			children = (
				305271582DBE04F500AA3A4A /* Social Media Post */,
				305271662DBE04F600AA3A4A /* Social Media PostTests */,
				305271702DBE04F600AA3A4A /* Social Media PostUITests */,
				305271572DBE04F500AA3A4A /* Products */,
			);
			sourceTree = "<group>";
		};
		305271572DBE04F500AA3A4A /* Products */ = {
			isa = PBXGroup;
			children = (
				305271562DBE04F500AA3A4A /* Social Media Post.app */,
				305271632DBE04F600AA3A4A /* Social Media PostTests.xctest */,
				3052716D2DBE04F600AA3A4A /* Social Media PostUITests.xctest */,
			);
			name = Products;
			sourceTree = "<group>";
		};
/* End PBXGroup section */

/* Begin PBXNativeTarget section */
		305271552DBE04F500AA3A4A /* Social Media Post */ = {
			isa = PBXNativeTarget;
			buildConfigurationList = 305271772DBE04F600AA3A4A /* Build configuration list for PBXNativeTarget "Social Media Post" */;
			buildPhases = (
				305271522DBE04F500AA3A4A /* Sources */,
				305271532DBE04F500AA3A4A /* Frameworks */,
				305271542DBE04F500AA3A4A /* Resources */,
			);
			buildRules = (
			);
			dependencies = (
			);
			fileSystemSynchronizedGroups = (
				305271582DBE04F500AA3A4A /* Social Media Post */,
			);
			name = "Social Media Post";
			packageProductDependencies = (
			);
			productName = "Social Media Post";
			productReference = 305271562DBE04F500AA3A4A /* Social Media Post.app */;
			productType = "com.apple.product-type.application";
		};
		305271622DBE04F600AA3A4A /* Social Media PostTests */ = {
			isa = PBXNativeTarget;
			buildConfigurationList = 3052717A2DBE04F600AA3A4A /* Build configuration list for PBXNativeTarget "Social Media PostTests" */;
			buildPhases = (
				3052715F2DBE04F600AA3A4A /* Sources */,
				305271602DBE04F600AA3A4A /* Frameworks */,
				305271612DBE04F600AA3A4A /* Resources */,
			);
			buildRules = (
			);
			dependencies = (
				305271652DBE04F600AA3A4A /* PBXTargetDependency */,
			);
			fileSystemSynchronizedGroups = (
				305271662DBE04F600AA3A4A /* Social Media PostTests */,
			);
			name = "Social Media PostTests";
			packageProductDependencies = (
			);
			productName = "Social Media PostTests";
			productReference = 305271632DBE04F600AA3A4A /* Social Media PostTests.xctest */;
			productType = "com.apple.product-type.bundle.unit-test";
		};
		3052716C2DBE04F600AA3A4A /* Social Media PostUITests */ = {
			isa = PBXNativeTarget;
			buildConfigurationList = 3052717D2DBE04F600AA3A4A /* Build configuration list for PBXNativeTarget "Social Media PostUITests" */;
			buildPhases = (
				305271692DBE04F600AA3A4A /* Sources */,
				3052716A2DBE04F600AA3A4A /* Frameworks */,
				3052716B2DBE04F600AA3A4A /* Resources */,
			);
			buildRules = (
			);
			dependencies = (
				3052716F2DBE04F600AA3A4A /* PBXTargetDependency */,
			);
			fileSystemSynchronizedGroups = (
				305271702DBE04F600AA3A4A /* Social Media PostUITests */,
			);
			name = "Social Media PostUITests";
			packageProductDependencies = (
			);
			productName = "Social Media PostUITests";
			productReference = 3052716D2DBE04F600AA3A4A /* Social Media PostUITests.xctest */;
			productType = "com.apple.product-type.bundle.ui-testing";
		};
/* End PBXNativeTarget section */

/* Begin PBXProject section */
		3052714E2DBE04F500AA3A4A /* Project object */ = {
			isa = PBXProject;
			attributes = {
				BuildIndependentTargetsInParallel = 1;
				LastSwiftUpdateCheck = 1630;
				LastUpgradeCheck = 1630;
				TargetAttributes = {
					305271552DBE04F500AA3A4A = {
						CreatedOnToolsVersion = 16.3;
					};
					305271622DBE04F600AA3A4A = {
						CreatedOnToolsVersion = 16.3;
						TestTargetID = 305271552DBE04F500AA3A4A;
					};
					3052716C2DBE04F600AA3A4A = {
						CreatedOnToolsVersion = 16.3;
						TestTargetID = 305271552DBE04F500AA3A4A;
					};
				};
			};
			buildConfigurationList = 305271512DBE04F500AA3A4A /* Build configuration list for PBXProject "Social Media Post" */;
			developmentRegion = en;
			hasScannedForEncodings = 0;
			knownRegions = (
				en,
				Base,
			);
			mainGroup = 3052714D2DBE04F500AA3A4A;
			minimizedProjectReferenceProxies = 1;
			preferredProjectObjectVersion = 77;
			productRefGroup = 305271572DBE04F500AA3A4A /* Products */;
			projectDirPath = "";
			projectRoot = "";
			targets = (
				305271552DBE04F500AA3A4A /* Social Media Post */,
				305271622DBE04F600AA3A4A /* Social Media PostTests */,
				3052716C2DBE04F600AA3A4A /* Social Media PostUITests */,
			);
		};
/* End PBXProject section */

/* Begin PBXResourcesBuildPhase section */
		305271542DBE04F500AA3A4A /* Resources */ = {
			isa = PBXResourcesBuildPhase;
			buildActionMask = 2147483647;
			files = (
			);
			runOnlyForDeploymentPostprocessing = 0;
		};
		305271612DBE04F600AA3A4A /* Resources */ = {
			isa = PBXResourcesBuildPhase;
			buildActionMask = 2147483647;
			files = (
			);
			runOnlyForDeploymentPostprocessing = 0;
		};
		3052716B2DBE04F600AA3A4A /* Resources */ = {
			isa = PBXResourcesBuildPhase;
			buildActionMask = 2147483647;
			files = (
			);
			runOnlyForDeploymentPostprocessing = 0;
		};
/* End PBXResourcesBuildPhase section */

/* Begin PBXSourcesBuildPhase section */
		305271522DBE04F500AA3A4A /* Sources */ = {
			isa = PBXSourcesBuildPhase;
			buildActionMask = 2147483647;
			files = (
			);
			runOnlyForDeploymentPostprocessing = 0;
		};
		3052715F2DBE04F600AA3A4A /* Sources */ = {
			isa = PBXSourcesBuildPhase;
			buildActionMask = 2147483647;
			files = (
			);
			runOnlyForDeploymentPostprocessing = 0;
		};
		305271692DBE04F600AA3A4A /* Sources */ = {
			isa = PBXSourcesBuildPhase;
			buildActionMask = 2147483647;
			files = (
			);
			runOnlyForDeploymentPostprocessing = 0;
		};
/* End PBXSourcesBuildPhase section */

/* Begin PBXTargetDependency section */
		305271652DBE04F600AA3A4A /* PBXTargetDependency */ = {
			isa = PBXTargetDependency;
			target = 305271552DBE04F500AA3A4A /* Social Media Post */;
			targetProxy = 305271642DBE04F600AA3A4A /* PBXContainerItemProxy */;
		};
		3052716F2DBE04F600AA3A4A /* PBXTargetDependency */ = {
			isa = PBXTargetDependency;
			target = 305271552DBE04F500AA3A4A /* Social Media Post */;
			targetProxy = 3052716E2DBE04F600AA3A4A /* PBXContainerItemProxy */;
		};
/* End PBXTargetDependency section */

/* Begin XCBuildConfiguration section */
		305271752DBE04F600AA3A4A /* Debug */ = {
			isa = XCBuildConfiguration;
			buildSettings = {
				ALWAYS_SEARCH_USER_PATHS = NO;
				ASSETCATALOG_COMPILER_GENERATE_SWIFT_ASSET_SYMBOL_EXTENSIONS = YES;
				CLANG_ANALYZER_NONNULL = YES;
				CLANG_ANALYZER_NUMBER_OBJECT_CONVERSION = YES_AGGRESSIVE;
				CLANG_CXX_LANGUAGE_STANDARD = "gnu++20";
				CLANG_ENABLE_MODULES = YES;
				CLANG_ENABLE_OBJC_ARC = YES;
				CLANG_ENABLE_OBJC_WEAK = YES;
				CLANG_WARN_BLOCK_CAPTURE_AUTORELEASING = YES;
				CLANG_WARN_BOOL_CONVERSION = YES;
				CLANG_WARN_COMMA = YES;
				CLANG_WARN_CONSTANT_CONVERSION = YES;
				CLANG_WARN_DEPRECATED_OBJC_IMPLEMENTATIONS = YES;
				CLANG_WARN_DIRECT_OBJC_ISA_USAGE = YES_ERROR;
				CLANG_WARN_DOCUMENTATION_COMMENTS = YES;
				CLANG_WARN_EMPTY_BODY = YES;
				CLANG_WARN_ENUM_CONVERSION = YES;
				CLANG_WARN_INFINITE_RECURSION = YES;
				CLANG_WARN_INT_CONVERSION = YES;
				CLANG_WARN_NON_LITERAL_NULL_CONVERSION = YES;
				CLANG_WARN_OBJC_IMPLICIT_RETAIN_SELF = YES;
				CLANG_WARN_OBJC_LITERAL_CONVERSION = YES;
				CLANG_WARN_OBJC_ROOT_CLASS = YES_ERROR;
				CLANG_WARN_QUOTED_INCLUDE_IN_FRAMEWORK_HEADER = YES;
				CLANG_WARN_RANGE_LOOP_ANALYSIS = YES;
				CLANG_WARN_STRICT_PROTOTYPES = YES;
				CLANG_WARN_SUSPICIOUS_MOVE = YES;
				CLANG_WARN_UNGUARDED_AVAILABILITY = YES_AGGRESSIVE;
				CLANG_WARN_UNREACHABLE_CODE = YES;
				CLANG_WARN__DUPLICATE_METHOD_MATCH = YES;
				COPY_PHASE_STRIP = NO;
				DEBUG_INFORMATION_FORMAT = dwarf;
				DEVELOPMENT_TEAM = 56F7L6935Z;
				ENABLE_STRICT_OBJC_MSGSEND = YES;
				ENABLE_TESTABILITY = YES;
				ENABLE_USER_SCRIPT_SANDBOXING = YES;
				GCC_C_LANGUAGE_STANDARD = gnu17;
				GCC_DYNAMIC_NO_PIC = NO;
				GCC_NO_COMMON_BLOCKS = YES;
				GCC_OPTIMIZATION_LEVEL = 0;
				GCC_PREPROCESSOR_DEFINITIONS = (
					"DEBUG=1",
					"$(inherited)",
				);
				GCC_WARN_64_TO_32_BIT_CONVERSION = YES;
				GCC_WARN_ABOUT_RETURN_TYPE = YES_ERROR;
				GCC_WARN_UNDECLARED_SELECTOR = YES;
				GCC_WARN_UNINITIALIZED_AUTOS = YES_AGGRESSIVE;
				GCC_WARN_UNUSED_FUNCTION = YES;
				GCC_WARN_UNUSED_VARIABLE = YES;
				IPHONEOS_DEPLOYMENT_TARGET = 18.4;
				LOCALIZATION_PREFERS_STRING_CATALOGS = YES;
				MTL_ENABLE_DEBUG_INFO = INCLUDE_SOURCE;
				MTL_FAST_MATH = YES;
				ONLY_ACTIVE_ARCH = YES;
				SDKROOT = iphoneos;
				SWIFT_ACTIVE_COMPILATION_CONDITIONS = "DEBUG $(inherited)";
				SWIFT_OPTIMIZATION_LEVEL = "-Onone";
			};
			name = Debug;
		};
		305271762DBE04F600AA3A4A /* Release */ = {
			isa = XCBuildConfiguration;
			buildSettings = {
				ALWAYS_SEARCH_USER_PATHS = NO;
				ASSETCATALOG_COMPILER_GENERATE_SWIFT_ASSET_SYMBOL_EXTENSIONS = YES;
				CLANG_ANALYZER_NONNULL = YES;
				CLANG_ANALYZER_NUMBER_OBJECT_CONVERSION = YES_AGGRESSIVE;
				CLANG_CXX_LANGUAGE_STANDARD = "gnu++20";
				CLANG_ENABLE_MODULES = YES;
				CLANG_ENABLE_OBJC_ARC = YES;
				CLANG_ENABLE_OBJC_WEAK = YES;
				CLANG_WARN_BLOCK_CAPTURE_AUTORELEASING = YES;
				CLANG_WARN_BOOL_CONVERSION = YES;
				CLANG_WARN_COMMA = YES;
				CLANG_WARN_CONSTANT_CONVERSION = YES;
				CLANG_WARN_DEPRECATED_OBJC_IMPLEMENTATIONS = YES;
				CLANG_WARN_DIRECT_OBJC_ISA_USAGE = YES_ERROR;
				CLANG_WARN_DOCUMENTATION_COMMENTS = YES;
				CLANG_WARN_EMPTY_BODY = YES;
				CLANG_WARN_ENUM_CONVERSION = YES;
				CLANG_WARN_INFINITE_RECURSION = YES;
				CLANG_WARN_INT_CONVERSION = YES;
				CLANG_WARN_NON_LITERAL_NULL_CONVERSION = YES;
				CLANG_WARN_OBJC_IMPLICIT_RETAIN_SELF = YES;
				CLANG_WARN_OBJC_LITERAL_CONVERSION = YES;
				CLANG_WARN_OBJC_ROOT_CLASS = YES_ERROR;
				CLANG_WARN_QUOTED_INCLUDE_IN_FRAMEWORK_HEADER = YES;
				CLANG_WARN_RANGE_LOOP_ANALYSIS = YES;
				CLANG_WARN_STRICT_PROTOTYPES = YES;
				CLANG_WARN_SUSPICIOUS_MOVE = YES;
				CLANG_WARN_UNGUARDED_AVAILABILITY = YES_AGGRESSIVE;
				CLANG_WARN_UNREACHABLE_CODE = YES;
				CLANG_WARN__DUPLICATE_METHOD_MATCH = YES;
				COPY_PHASE_STRIP = NO;
				DEBUG_INFORMATION_FORMAT = "dwarf-with-dsym";
				DEVELOPMENT_TEAM = 56F7L6935Z;
				ENABLE_NS_ASSERTIONS = NO;
				ENABLE_STRICT_OBJC_MSGSEND = YES;
				ENABLE_USER_SCRIPT_SANDBOXING = YES;
				GCC_C_LANGUAGE_STANDARD = gnu17;
				GCC_NO_COMMON_BLOCKS = YES;
				GCC_WARN_64_TO_32_BIT_CONVERSION = YES;
				GCC_WARN_ABOUT_RETURN_TYPE = YES_ERROR;
				GCC_WARN_UNDECLARED_SELECTOR = YES;
				GCC_WARN_UNINITIALIZED_AUTOS = YES_AGGRESSIVE;
				GCC_WARN_UNUSED_FUNCTION = YES;
				GCC_WARN_UNUSED_VARIABLE = YES;
				IPHONEOS_DEPLOYMENT_TARGET = 18.4;
				LOCALIZATION_PREFERS_STRING_CATALOGS = YES;
				MTL_ENABLE_DEBUG_INFO = NO;
				MTL_FAST_MATH = YES;
				SDKROOT = iphoneos;
				SWIFT_COMPILATION_MODE = wholemodule;
				VALIDATE_PRODUCT = YES;
			};
			name = Release;
		};
		305271782DBE04F600AA3A4A /* Debug */ = {
			isa = XCBuildConfiguration;
			buildSettings = {
				ASSETCATALOG_COMPILER_APPICON_NAME = AppIcon;
				ASSETCATALOG_COMPILER_GLOBAL_ACCENT_COLOR_NAME = AccentColor;
				CODE_SIGN_STYLE = Automatic;
				CURRENT_PROJECT_VERSION = 1;
				DEVELOPMENT_TEAM = 56F7L6935Z;
				ENABLE_PREVIEWS = YES;
				GENERATE_INFOPLIST_FILE = YES;
				INFOPLIST_KEY_UIApplicationSceneManifest_Generation = YES;
				INFOPLIST_KEY_UIApplicationSupportsIndirectInputEvents = YES;
				INFOPLIST_KEY_UILaunchScreen_Generation = YES;
				INFOPLIST_KEY_UISupportedInterfaceOrientations_iPad = "UIInterfaceOrientationPortrait UIInterfaceOrientationPortraitUpsideDown UIInterfaceOrientationLandscapeLeft UIInterfaceOrientationLandscapeRight";
				INFOPLIST_KEY_UISupportedInterfaceOrientations_iPhone = "UIInterfaceOrientationPortrait UIInterfaceOrientationLandscapeLeft UIInterfaceOrientationLandscapeRight";
				LD_RUNPATH_SEARCH_PATHS = (
					"$(inherited)",
					"@executable_path/Frameworks",
				);
				MARKETING_VERSION = 1.0;
				PRODUCT_BUNDLE_IDENTIFIER = "de.yokobuto.Social-Media-Post";
				PRODUCT_NAME = "$(TARGET_NAME)";
				SWIFT_EMIT_LOC_STRINGS = YES;
				SWIFT_VERSION = 5.0;
				TARGETED_DEVICE_FAMILY = "1,2";
			};
			name = Debug;
		};
		305271792DBE04F600AA3A4A /* Release */ = {
			isa = XCBuildConfiguration;
			buildSettings = {
				ASSETCATALOG_COMPILER_APPICON_NAME = AppIcon;
				ASSETCATALOG_COMPILER_GLOBAL_ACCENT_COLOR_NAME = AccentColor;
				CODE_SIGN_STYLE = Automatic;
				CURRENT_PROJECT_VERSION = 1;
				DEVELOPMENT_TEAM = 56F7L6935Z;
				ENABLE_PREVIEWS = YES;
				GENERATE_INFOPLIST_FILE = YES;
				INFOPLIST_KEY_UIApplicationSceneManifest_Generation = YES;
				INFOPLIST_KEY_UIApplicationSupportsIndirectInputEvents = YES;
				INFOPLIST_KEY_UILaunchScreen_Generation = YES;
				INFOPLIST_KEY_UISupportedInterfaceOrientations_iPad = "UIInterfaceOrientationPortrait UIInterfaceOrientationPortraitUpsideDown UIInterfaceOrientationLandscapeLeft UIInterfaceOrientationLandscapeRight";
				INFOPLIST_KEY_UISupportedInterfaceOrientations_iPhone = "UIInterfaceOrientationPortrait UIInterfaceOrientationLandscapeLeft UIInterfaceOrientationLandscapeRight";
				LD_RUNPATH_SEARCH_PATHS = (
					"$(inherited)",
					"@executable_path/Frameworks",
				);
				MARKETING_VERSION = 1.0;
				PRODUCT_BUNDLE_IDENTIFIER = "de.yokobuto.Social-Media-Post";
				PRODUCT_NAME = "$(TARGET_NAME)";
				SWIFT_EMIT_LOC_STRINGS = YES;
				SWIFT_VERSION = 5.0;
				TARGETED_DEVICE_FAMILY = "1,2";
			};
			name = Release;
		};
		3052717B2DBE04F600AA3A4A /* Debug */ = {
			isa = XCBuildConfiguration;
			buildSettings = {
				BUNDLE_LOADER = "$(TEST_HOST)";
				CODE_SIGN_STYLE = Automatic;
				CURRENT_PROJECT_VERSION = 1;
				DEVELOPMENT_TEAM = 56F7L6935Z;
				GENERATE_INFOPLIST_FILE = YES;
				IPHONEOS_DEPLOYMENT_TARGET = 18.4;
				MARKETING_VERSION = 1.0;
				PRODUCT_BUNDLE_IDENTIFIER = "de.yokobuto.Social-Media-PostTests";
				PRODUCT_NAME = "$(TARGET_NAME)";
				SWIFT_EMIT_LOC_STRINGS = NO;
				SWIFT_VERSION = 5.0;
				TARGETED_DEVICE_FAMILY = "1,2";
				TEST_HOST = "$(BUILT_PRODUCTS_DIR)/Social Media Post.app/$(BUNDLE_EXECUTABLE_FOLDER_PATH)/Social Media Post";
			};
			name = Debug;
		};
		3052717C2DBE04F600AA3A4A /* Release */ = {
			isa = XCBuildConfiguration;
			buildSettings = {
				BUNDLE_LOADER = "$(TEST_HOST)";
				CODE_SIGN_STYLE = Automatic;
				CURRENT_PROJECT_VERSION = 1;
				DEVELOPMENT_TEAM = 56F7L6935Z;
				GENERATE_INFOPLIST_FILE = YES;
				IPHONEOS_DEPLOYMENT_TARGET = 18.4;
				MARKETING_VERSION = 1.0;
				PRODUCT_BUNDLE_IDENTIFIER = "de.yokobuto.Social-Media-PostTests";
				PRODUCT_NAME = "$(TARGET_NAME)";
				SWIFT_EMIT_LOC_STRINGS = NO;
				SWIFT_VERSION = 5.0;
				TARGETED_DEVICE_FAMILY = "1,2";
				TEST_HOST = "$(BUILT_PRODUCTS_DIR)/Social Media Post.app/$(BUNDLE_EXECUTABLE_FOLDER_PATH)/Social Media Post";
			};
			name = Release;
		};
		3052717E2DBE04F600AA3A4A /* Debug */ = {
			isa = XCBuildConfiguration;
			buildSettings = {
				CODE_SIGN_STYLE = Automatic;
				CURRENT_PROJECT_VERSION = 1;
				DEVELOPMENT_TEAM = 56F7L6935Z;
				GENERATE_INFOPLIST_FILE = YES;
				MARKETING_VERSION = 1.0;
				PRODUCT_BUNDLE_IDENTIFIER = "de.yokobuto.Social-Media-PostUITests";
				PRODUCT_NAME = "$(TARGET_NAME)";
				SWIFT_EMIT_LOC_STRINGS = NO;
				SWIFT_VERSION = 5.0;
				TARGETED_DEVICE_FAMILY = "1,2";
				TEST_TARGET_NAME = "Social Media Post";
			};
			name = Debug;
		};
		3052717F2DBE04F600AA3A4A /* Release */ = {
			isa = XCBuildConfiguration;
			buildSettings = {
				CODE_SIGN_STYLE = Automatic;
				CURRENT_PROJECT_VERSION = 1;
				DEVELOPMENT_TEAM = 56F7L6935Z;
				GENERATE_INFOPLIST_FILE = YES;
				MARKETING_VERSION = 1.0;
				PRODUCT_BUNDLE_IDENTIFIER = "de.yokobuto.Social-Media-PostUITests";
				PRODUCT_NAME = "$(TARGET_NAME)";
				SWIFT_EMIT_LOC_STRINGS = NO;
				SWIFT_VERSION = 5.0;
				TARGETED_DEVICE_FAMILY = "1,2";
				TEST_TARGET_NAME = "Social Media Post";
			};
			name = Release;
		};
/* End XCBuildConfiguration section */

/* Begin XCConfigurationList section */
		305271512DBE04F500AA3A4A /* Build configuration list for PBXProject "Social Media Post" */ = {
			isa = XCConfigurationList;
			buildConfigurations = (
				305271752DBE04F600AA3A4A /* Debug */,
				305271762DBE04F600AA3A4A /* Release */,
			);
			defaultConfigurationIsVisible = 0;
			defaultConfigurationName = Release;
		};
		305271772DBE04F600AA3A4A /* Build configuration list for PBXNativeTarget "Social Media Post" */ = {
			isa = XCConfigurationList;
			buildConfigurations = (
				305271782DBE04F600AA3A4A /* Debug */,
				305271792DBE04F600AA3A4A /* Release */,
			);
			defaultConfigurationIsVisible = 0;
			defaultConfigurationName = Release;
		};
		3052717A2DBE04F600AA3A4A /* Build configuration list for PBXNativeTarget "Social Media PostTests" */ = {
			isa = XCConfigurationList;
			buildConfigurations = (
				3052717B2DBE04F600AA3A4A /* Debug */,
				3052717C2DBE04F600AA3A4A /* Release */,
			);
			defaultConfigurationIsVisible = 0;
			defaultConfigurationName = Release;
		};
		3052717D2DBE04F600AA3A4A /* Build configuration list for PBXNativeTarget "Social Media PostUITests" */ = {
			isa = XCConfigurationList;
			buildConfigurations = (
				3052717E2DBE04F600AA3A4A /* Debug */,
				3052717F2DBE04F600AA3A4A /* Release */,
			);
			defaultConfigurationIsVisible = 0;
			defaultConfigurationName = Release;
		};
/* End XCConfigurationList section */
	};
	rootObject = 3052714E2DBE04F500AA3A4A /* Project object */;
}
